
Microsoft Visual Studio Solution File, Format Version 12.00
Project("{FAE04EC0-301F-11D3-BF4B-00C04F79EFBC}") = "Amba.Crawler.Cli", "Amba.Crawler.Cli\Amba.Crawler.Cli.csproj", "{CD86BD91-04F7-46AF-ACB4-912FE1BD39F6}"
EndProject
Global
	GlobalSection(SolutionConfigurationPlatforms) = preSolution
		Debug|Any CPU = Debug|Any CPU
		Release|Any CPU = Release|Any CPU
	EndGlobalSection
	GlobalSection(ProjectConfigurationPlatforms) = postSolution
		{CD86BD91-04F7-46AF-ACB4-912FE1BD39F6}.Debug|Any CPU.ActiveCfg = Debug|Any CPU
		{CD86BD91-04F7-46AF-ACB4-912FE1BD39F6}.Debug|Any CPU.Build.0 = Debug|Any CPU
		{CD86BD91-04F7-46AF-ACB4-912FE1BD39F6}.Release|Any CPU.ActiveCfg = Release|Any CPU
		{CD86BD91-04F7-46AF-ACB4-912FE1BD39F6}.Release|Any CPU.Build.0 = Release|Any CPU
	EndGlobalSection
EndGlobal
